
Microsoft Visual Studio Solution File, Format Version 12.00
# Visual Studio Version 16
VisualStudioVersion = 16.0.31205.134
MinimumVisualStudioVersion = 10.0.40219.1
Project("{FAE04EC0-301F-11D3-BF4B-00C04F79EFBC}") = "Annual_Layout_V2", "Annual_Layout_V2.csproj", "{3EBE2704-32AE-4828-BA8A-C9EBBCC05ED4}"
EndProject
Global
	GlobalSection(SolutionConfigurationPlatforms) = preSolution
		Debug|Any CPU = Debug|Any CPU
		Release|Any CPU = Release|Any CPU
	EndGlobalSection
	GlobalSection(ProjectConfigurationPlatforms) = postSolution
		{3EBE2704-32AE-4828-BA8A-C9EBBCC05ED4}.Debug|Any CPU.ActiveCfg = Debug|Any CPU
		{3EBE2704-32AE-4828-BA8A-C9EBBCC05ED4}.Debug|Any CPU.Build.0 = Debug|Any CPU
		{3EBE2704-32AE-4828-BA8A-C9EBBCC05ED4}.Release|Any CPU.ActiveCfg = Release|Any CPU
		{3EBE2704-32AE-4828-BA8A-C9EBBCC05ED4}.Release|Any CPU.Build.0 = Release|Any CPU
	EndGlobalSection
	GlobalSection(SolutionProperties) = preSolution
		HideSolutionNode = FALSE
	EndGlobalSection
	GlobalSection(ExtensibilityGlobals) = postSolution
		SolutionGuid = {303994F0-88EF-458A-9512-D84FBB89A4D7}
	EndGlobalSection
EndGlobal
